
Microsoft Visual Studio Solution File, Format Version 12.00
# Visual Studio Version 17
VisualStudioVersion = 17.1.32210.238
MinimumVisualStudioVersion = 10.0.40219.1
Project("{FAE04EC0-301F-11D3-BF4B-00C04F79EFBC}") = "ProiectBD", "ProiectBD.csproj", "{A6286595-F5D5-4BA0-9B87-E945358CC375}"
EndProject
Global
	GlobalSection(SolutionConfigurationPlatforms) = preSolution
		Debug|Any CPU = Debug|Any CPU
		Release|Any CPU = Release|Any CPU
	EndGlobalSection
	GlobalSection(ProjectConfigurationPlatforms) = postSolution
		{A6286595-F5D5-4BA0-9B87-E945358CC375}.Debug|Any CPU.ActiveCfg = Debug|Any CPU
		{A6286595-F5D5-4BA0-9B87-E945358CC375}.Debug|Any CPU.Build.0 = Debug|Any CPU
		{A6286595-F5D5-4BA0-9B87-E945358CC375}.Release|Any CPU.ActiveCfg = Release|Any CPU
		{A6286595-F5D5-4BA0-9B87-E945358CC375}.Release|Any CPU.Build.0 = Release|Any CPU
	EndGlobalSection
	GlobalSection(SolutionProperties) = preSolution
		HideSolutionNode = FALSE
	EndGlobalSection
	GlobalSection(ExtensibilityGlobals) = postSolution
		SolutionGuid = {E48DE1CA-2DCF-4889-A965-990B33822815}
	EndGlobalSection
EndGlobal
